
Microsoft Visual Studio Solution File, Format Version 12.00
# Visual Studio Version 16
VisualStudioVersion = 16.0.29613.14
MinimumVisualStudioVersion = 10.0.40219.1
Project("{FAE04EC0-301F-11D3-BF4B-00C04F79EFBC}") = "GeneratorCNP", "GeneratorCNP.csproj", "{0AF8B09E-F1D4-4859-A678-A0A87AB05AFF}"
EndProject
Project("{FAE04EC0-301F-11D3-BF4B-00C04F79EFBC}") = "GeneratorCNPLibrary", "..\GeneratorCNPLibrary\GeneratorCNPLibrary.csproj", "{B6EDBC8D-5FA3-403E-88AE-FEBA507D8B50}"
EndProject
Project("{FAE04EC0-301F-11D3-BF4B-00C04F79EFBC}") = "GeneratorCNPTests", "..\GeneratorCNPTests\GeneratorCNPTests.csproj", "{9E7D5B7B-BC2F-48AC-A4E5-EDA8450EACA1}"
EndProject
Global
	GlobalSection(SolutionConfigurationPlatforms) = preSolution
		Debug|Any CPU = Debug|Any CPU
		Release|Any CPU = Release|Any CPU
	EndGlobalSection
	GlobalSection(ProjectConfigurationPlatforms) = postSolution
		{0AF8B09E-F1D4-4859-A678-A0A87AB05AFF}.Debug|Any CPU.ActiveCfg = Debug|Any CPU
		{0AF8B09E-F1D4-4859-A678-A0A87AB05AFF}.Debug|Any CPU.Build.0 = Debug|Any CPU
		{0AF8B09E-F1D4-4859-A678-A0A87AB05AFF}.Release|Any CPU.ActiveCfg = Release|Any CPU
		{0AF8B09E-F1D4-4859-A678-A0A87AB05AFF}.Release|Any CPU.Build.0 = Release|Any CPU
		{B6EDBC8D-5FA3-403E-88AE-FEBA507D8B50}.Debug|Any CPU.ActiveCfg = Debug|Any CPU
		{B6EDBC8D-5FA3-403E-88AE-FEBA507D8B50}.Debug|Any CPU.Build.0 = Debug|Any CPU
		{B6EDBC8D-5FA3-403E-88AE-FEBA507D8B50}.Release|Any CPU.ActiveCfg = Release|Any CPU
		{B6EDBC8D-5FA3-403E-88AE-FEBA507D8B50}.Release|Any CPU.Build.0 = Release|Any CPU
		{9E7D5B7B-BC2F-48AC-A4E5-EDA8450EACA1}.Debug|Any CPU.ActiveCfg = Debug|Any CPU
		{9E7D5B7B-BC2F-48AC-A4E5-EDA8450EACA1}.Debug|Any CPU.Build.0 = Debug|Any CPU
		{9E7D5B7B-BC2F-48AC-A4E5-EDA8450EACA1}.Release|Any CPU.ActiveCfg = Release|Any CPU
		{9E7D5B7B-BC2F-48AC-A4E5-EDA8450EACA1}.Release|Any CPU.Build.0 = Release|Any CPU
	EndGlobalSection
	GlobalSection(SolutionProperties) = preSolution
		HideSolutionNode = FALSE
	EndGlobalSection
	GlobalSection(ExtensibilityGlobals) = postSolution
		SolutionGuid = {7F541351-A11F-4EED-ADE4-ECE8256F5AC2}
	EndGlobalSection
EndGlobal
